
Microsoft Visual Studio Solution File, Format Version 12.00
# Visual Studio Version 17
VisualStudioVersion = 17.10.34928.147
MinimumVisualStudioVersion = 10.0.40219.1
Project("{FAE04EC0-301F-11D3-BF4B-00C04F79EFBC}") = "SistemaNutricion", "SistemaNutricion\SistemaNutricion.csproj", "{69D787DB-B497-4524-8131-970E9ED7EACD}"
EndProject
Global
	GlobalSection(SolutionConfigurationPlatforms) = preSolution
		Debug|Any CPU = Debug|Any CPU
		Release|Any CPU = Release|Any CPU
	EndGlobalSection
	GlobalSection(ProjectConfigurationPlatforms) = postSolution
		{69D787DB-B497-4524-8131-970E9ED7EACD}.Debug|Any CPU.ActiveCfg = Debug|Any CPU
		{69D787DB-B497-4524-8131-970E9ED7EACD}.Debug|Any CPU.Build.0 = Debug|Any CPU
		{69D787DB-B497-4524-8131-970E9ED7EACD}.Release|Any CPU.ActiveCfg = Release|Any CPU
		{69D787DB-B497-4524-8131-970E9ED7EACD}.Release|Any CPU.Build.0 = Release|Any CPU
	EndGlobalSection
	GlobalSection(SolutionProperties) = preSolution
		HideSolutionNode = FALSE
	EndGlobalSection
	GlobalSection(ExtensibilityGlobals) = postSolution
		SolutionGuid = {55718E54-0A68-4C08-AF07-AD394A953821}
	EndGlobalSection
EndGlobal
